
Microsoft Visual Studio Solution File, Format Version 12.00
# Visual Studio Version 17
VisualStudioVersion = 17.1.32421.90
MinimumVisualStudioVersion = 10.0.40219.1
Project("{2150E333-8FDC-42A3-9474-1A3956D46DE8}") = "Solution Items", "Solution Items", "{3D582220-F95B-4F97-B754-17F1403DC8D0}"
	ProjectSection(SolutionItems) = preProject
		G3d.Build.props = G3d.Build.props
		TODO.md = TODO.md
	EndProjectSection
EndProject
Project("{2150E333-8FDC-42A3-9474-1A3956D46DE8}") = "OLD", "OLD", "{FEAB1152-657E-4BEB-AB54-322763CDDF25}"
EndProject
Project("{9A19103F-16F7-4668-BE54-9A1E7A4F7556}") = "Vim.G3d", "..\csharp\Vim.G3d\Vim.G3d.csproj", "{B0AA7814-0781-4F4E-A849-DA207AEBDCBA}"
EndProject
Project("{9A19103F-16F7-4668-BE54-9A1E7A4F7556}") = "Vim.G3d", "Vim.G3d\Vim.G3d.csproj", "{72078C77-EE31-4861-AA2B-FEB65662D972}"
EndProject
Project("{9A19103F-16F7-4668-BE54-9A1E7A4F7556}") = "Vim.G3d.Tests", "Vim.G3d.Tests\Vim.G3d.Tests.csproj", "{8950B1EE-BF97-475E-848F-3BA90658534E}"
EndProject
Project("{9A19103F-16F7-4668-BE54-9A1E7A4F7556}") = "Vim.G3d.Attributes", "Vim.G3d.Attributes\Vim.G3d.Attributes.csproj", "{184CB721-B8E7-44C2-A103-73CEF22696C1}"
	ProjectSection(ProjectDependencies) = postProject
		{48EC226C-4F2E-4AE7-A4D7-71278A213336} = {48EC226C-4F2E-4AE7-A4D7-71278A213336}
	EndProjectSection
EndProject
Project("{FAE04EC0-301F-11D3-BF4B-00C04F79EFBC}") = "Vim.G3d.CodeGen", "Vim.G3d.CodeGen\Vim.G3d.CodeGen.csproj", "{48EC226C-4F2E-4AE7-A4D7-71278A213336}"
EndProject
Global
	GlobalSection(SolutionConfigurationPlatforms) = preSolution
		Debug|Any CPU = Debug|Any CPU
		Release|Any CPU = Release|Any CPU
	EndGlobalSection
	GlobalSection(ProjectConfigurationPlatforms) = postSolution
		{B0AA7814-0781-4F4E-A849-DA207AEBDCBA}.Debug|Any CPU.ActiveCfg = Debug|Any CPU
		{B0AA7814-0781-4F4E-A849-DA207AEBDCBA}.Debug|Any CPU.Build.0 = Debug|Any CPU
		{B0AA7814-0781-4F4E-A849-DA207AEBDCBA}.Release|Any CPU.ActiveCfg = Release|Any CPU
		{B0AA7814-0781-4F4E-A849-DA207AEBDCBA}.Release|Any CPU.Build.0 = Release|Any CPU
		{72078C77-EE31-4861-AA2B-FEB65662D972}.Debug|Any CPU.ActiveCfg = Debug|Any CPU
		{72078C77-EE31-4861-AA2B-FEB65662D972}.Debug|Any CPU.Build.0 = Debug|Any CPU
		{72078C77-EE31-4861-AA2B-FEB65662D972}.Release|Any CPU.ActiveCfg = Release|Any CPU
		{72078C77-EE31-4861-AA2B-FEB65662D972}.Release|Any CPU.Build.0 = Release|Any CPU
		{8950B1EE-BF97-475E-848F-3BA90658534E}.Debug|Any CPU.ActiveCfg = Debug|Any CPU
		{8950B1EE-BF97-475E-848F-3BA90658534E}.Debug|Any CPU.Build.0 = Debug|Any CPU
		{8950B1EE-BF97-475E-848F-3BA90658534E}.Release|Any CPU.ActiveCfg = Release|Any CPU
		{8950B1EE-BF97-475E-848F-3BA90658534E}.Release|Any CPU.Build.0 = Release|Any CPU
		{184CB721-B8E7-44C2-A103-73CEF22696C1}.Debug|Any CPU.ActiveCfg = Debug|Any CPU
		{184CB721-B8E7-44C2-A103-73CEF22696C1}.Debug|Any CPU.Build.0 = Debug|Any CPU
		{184CB721-B8E7-44C2-A103-73CEF22696C1}.Release|Any CPU.ActiveCfg = Release|Any CPU
		{184CB721-B8E7-44C2-A103-73CEF22696C1}.Release|Any CPU.Build.0 = Release|Any CPU
		{48EC226C-4F2E-4AE7-A4D7-71278A213336}.Debug|Any CPU.ActiveCfg = Debug|Any CPU
		{48EC226C-4F2E-4AE7-A4D7-71278A213336}.Debug|Any CPU.Build.0 = Debug|Any CPU
		{48EC226C-4F2E-4AE7-A4D7-71278A213336}.Release|Any CPU.ActiveCfg = Release|Any CPU
		{48EC226C-4F2E-4AE7-A4D7-71278A213336}.Release|Any CPU.Build.0 = Release|Any CPU
	EndGlobalSection
	GlobalSection(SolutionProperties) = preSolution
		HideSolutionNode = FALSE
	EndGlobalSection
	GlobalSection(NestedProjects) = preSolution
		{B0AA7814-0781-4F4E-A849-DA207AEBDCBA} = {FEAB1152-657E-4BEB-AB54-322763CDDF25}
	EndGlobalSection
	GlobalSection(ExtensibilityGlobals) = postSolution
		SolutionGuid = {E755F61A-CED5-4CE8-8729-FE5C4A2D8EDE}
	EndGlobalSection
EndGlobal
